
Microsoft Visual Studio Solution File, Format Version 12.00
# Visual Studio Version 17
VisualStudioVersion = 17.11.35219.272
MinimumVisualStudioVersion = 10.0.40219.1
Project("{9A19103F-16F7-4668-BE54-9A1E7A4F7556}") = "DalTest", "DalTest\DalTest.csproj", "{10B6FB9F-9897-432D-A2C1-4FE7744FCEE5}"
EndProject
Project("{9A19103F-16F7-4668-BE54-9A1E7A4F7556}") = "DalList", "DalList\DalList.csproj", "{21F4AF91-4AA6-4F34-ABD6-9AD9538D550A}"
EndProject
Project("{9A19103F-16F7-4668-BE54-9A1E7A4F7556}") = "DalFacade", "DalFacade\DalFacade.csproj", "{6C831E23-6DDD-4644-8938-D15024428118}"
EndProject
Project("{2150E333-8FDC-42A3-9474-1A3956D46DE8}") = "Solution Items", "Solution Items", "{B58F5CCD-C5C5-457D-9DB7-D502A29A8407}"
	ProjectSection(SolutionItems) = preProject
		.editorconfig = .editorconfig
	EndProjectSection
EndProject
Project("{9A19103F-16F7-4668-BE54-9A1E7A4F7556}") = "DalXML", "DalXML\DalXML.csproj", "{43F4E6C5-905A-4231-8AC3-7EE2B67F97A1}"
EndProject
Project("{2150E333-8FDC-42A3-9474-1A3956D46DE8}") = "xml", "xml", "{E0AEA096-C5B5-4EF0-B763-B97F828D19C5}"
	ProjectSection(SolutionItems) = preProject
		xml\dal-config.xml = xml\dal-config.xml
	EndProjectSection
EndProject
Project("{FAE04EC0-301F-11D3-BF4B-00C04F79EFBC}") = "BL", "BL\BL.csproj", "{88427996-7194-4423-9CFC-F541216B4D84}"
EndProject
Project("{FAE04EC0-301F-11D3-BF4B-00C04F79EFBC}") = "BlTest", "BlTest\BlTest.csproj", "{F6BF82E6-C369-4520-A17A-D8B08DF7B5DA}"
EndProject
Global
	GlobalSection(SolutionConfigurationPlatforms) = preSolution
		Debug|Any CPU = Debug|Any CPU
		Release|Any CPU = Release|Any CPU
	EndGlobalSection
	GlobalSection(ProjectConfigurationPlatforms) = postSolution
		{10B6FB9F-9897-432D-A2C1-4FE7744FCEE5}.Debug|Any CPU.ActiveCfg = Debug|Any CPU
		{10B6FB9F-9897-432D-A2C1-4FE7744FCEE5}.Debug|Any CPU.Build.0 = Debug|Any CPU
		{10B6FB9F-9897-432D-A2C1-4FE7744FCEE5}.Release|Any CPU.ActiveCfg = Release|Any CPU
		{10B6FB9F-9897-432D-A2C1-4FE7744FCEE5}.Release|Any CPU.Build.0 = Release|Any CPU
		{21F4AF91-4AA6-4F34-ABD6-9AD9538D550A}.Debug|Any CPU.ActiveCfg = Debug|Any CPU
		{21F4AF91-4AA6-4F34-ABD6-9AD9538D550A}.Debug|Any CPU.Build.0 = Debug|Any CPU
		{21F4AF91-4AA6-4F34-ABD6-9AD9538D550A}.Release|Any CPU.ActiveCfg = Release|Any CPU
		{21F4AF91-4AA6-4F34-ABD6-9AD9538D550A}.Release|Any CPU.Build.0 = Release|Any CPU
		{6C831E23-6DDD-4644-8938-D15024428118}.Debug|Any CPU.ActiveCfg = Debug|Any CPU
		{6C831E23-6DDD-4644-8938-D15024428118}.Debug|Any CPU.Build.0 = Debug|Any CPU
		{6C831E23-6DDD-4644-8938-D15024428118}.Release|Any CPU.ActiveCfg = Release|Any CPU
		{6C831E23-6DDD-4644-8938-D15024428118}.Release|Any CPU.Build.0 = Release|Any CPU
		{43F4E6C5-905A-4231-8AC3-7EE2B67F97A1}.Debug|Any CPU.ActiveCfg = Debug|Any CPU
		{43F4E6C5-905A-4231-8AC3-7EE2B67F97A1}.Debug|Any CPU.Build.0 = Debug|Any CPU
		{43F4E6C5-905A-4231-8AC3-7EE2B67F97A1}.Release|Any CPU.ActiveCfg = Release|Any CPU
		{43F4E6C5-905A-4231-8AC3-7EE2B67F97A1}.Release|Any CPU.Build.0 = Release|Any CPU
		{88427996-7194-4423-9CFC-F541216B4D84}.Debug|Any CPU.ActiveCfg = Debug|Any CPU
		{88427996-7194-4423-9CFC-F541216B4D84}.Debug|Any CPU.Build.0 = Debug|Any CPU
		{88427996-7194-4423-9CFC-F541216B4D84}.Release|Any CPU.ActiveCfg = Release|Any CPU
		{88427996-7194-4423-9CFC-F541216B4D84}.Release|Any CPU.Build.0 = Release|Any CPU
		{F6BF82E6-C369-4520-A17A-D8B08DF7B5DA}.Debug|Any CPU.ActiveCfg = Debug|Any CPU
		{F6BF82E6-C369-4520-A17A-D8B08DF7B5DA}.Debug|Any CPU.Build.0 = Debug|Any CPU
		{F6BF82E6-C369-4520-A17A-D8B08DF7B5DA}.Release|Any CPU.ActiveCfg = Release|Any CPU
		{F6BF82E6-C369-4520-A17A-D8B08DF7B5DA}.Release|Any CPU.Build.0 = Release|Any CPU
	EndGlobalSection
	GlobalSection(SolutionProperties) = preSolution
		HideSolutionNode = FALSE
	EndGlobalSection
	GlobalSection(ExtensibilityGlobals) = postSolution
		SolutionGuid = {13D7B57D-3282-4E0C-BA8F-861D19C48692}
	EndGlobalSection
EndGlobal
